
Microsoft Visual Studio Solution File, Format Version 12.00
# Visual Studio Version 16
VisualStudioVersion = 16.0.31624.102
MinimumVisualStudioVersion = 10.0.40219.1
Project("{888888A0-9F3D-457C-B088-3A5042F75D52}") = "API", "API\API.pyproj", "{7E53C88C-D758-4EBD-AE8A-230ABD5596E2}"
EndProject
Global
	GlobalSection(SolutionConfigurationPlatforms) = preSolution
		Debug|Any CPU = Debug|Any CPU
		Release|Any CPU = Release|Any CPU
	EndGlobalSection
	GlobalSection(ProjectConfigurationPlatforms) = postSolution
		{7E53C88C-D758-4EBD-AE8A-230ABD5596E2}.Debug|Any CPU.ActiveCfg = Debug|Any CPU
		{7E53C88C-D758-4EBD-AE8A-230ABD5596E2}.Release|Any CPU.ActiveCfg = Release|Any CPU
	EndGlobalSection
	GlobalSection(SolutionProperties) = preSolution
		HideSolutionNode = FALSE
	EndGlobalSection
	GlobalSection(ExtensibilityGlobals) = postSolution
		SolutionGuid = {56548393-1A39-40DC-ADBA-DF1D533E4BD6}
	EndGlobalSection
EndGlobal
